
Microsoft Visual Studio Solution File, Format Version 12.00
# Visual Studio 14
VisualStudioVersion = 14.0.25420.1
MinimumVisualStudioVersion = 10.0.40219.1
Project("{2150E333-8FDC-42A3-9474-1A3956D46DE8}") = "Engine", "Engine", "{8B8F2485-C6FE-4F45-ACA0-D36DBFC0D9DB}"
EndProject
Project("{2150E333-8FDC-42A3-9474-1A3956D46DE8}") = "Games", "Games", "{434378C7-9227-4029-BF21-06420B79F305}"
EndProject
Project("{8BC9CEB8-8B4A-11D0-8D11-00A0C91BC942}") = "UE4", "Intermediate\ProjectFiles\UE4.vcxproj", "{A86744C8-E534-4461-BB63-9905878D3330}"
EndProject
Project("{8BC9CEB8-8B4A-11D0-8D11-00A0C91BC942}") = "BuildingEscape", "Intermediate\ProjectFiles\BuildingEscape.vcxproj", "{7E276783-EC1A-4F5E-824E-67671070082F}"
EndProject
Global
	GlobalSection(SolutionConfigurationPlatforms) = preSolution
		DebugGame Editor|HTML5 = DebugGame Editor|HTML5
		DebugGame Editor|Win32 = DebugGame Editor|Win32
		DebugGame Editor|Win64 = DebugGame Editor|Win64
		DebugGame|HTML5 = DebugGame|HTML5
		DebugGame|Win32 = DebugGame|Win32
		DebugGame|Win64 = DebugGame|Win64
		Development Editor|HTML5 = Development Editor|HTML5
		Development Editor|Win32 = Development Editor|Win32
		Development Editor|Win64 = Development Editor|Win64
		Development|HTML5 = Development|HTML5
		Development|Win32 = Development|Win32
		Development|Win64 = Development|Win64
		Shipping|HTML5 = Shipping|HTML5
		Shipping|Win32 = Shipping|Win32
		Shipping|Win64 = Shipping|Win64
	EndGlobalSection
	GlobalSection(ProjectConfigurationPlatforms) = postSolution
		{A86744C8-E534-4461-BB63-9905878D3330}.DebugGame Editor|HTML5.ActiveCfg = BuiltWithUnrealBuildTool|Win32
		{A86744C8-E534-4461-BB63-9905878D3330}.DebugGame Editor|HTML5.Build.0 = BuiltWithUnrealBuildTool|Win32
		{A86744C8-E534-4461-BB63-9905878D3330}.DebugGame Editor|Win32.ActiveCfg = BuiltWithUnrealBuildTool|Win32
		{A86744C8-E534-4461-BB63-9905878D3330}.DebugGame Editor|Win32.Build.0 = BuiltWithUnrealBuildTool|Win32
		{A86744C8-E534-4461-BB63-9905878D3330}.DebugGame Editor|Win64.ActiveCfg = BuiltWithUnrealBuildTool|Win32
		{A86744C8-E534-4461-BB63-9905878D3330}.DebugGame Editor|Win64.Build.0 = BuiltWithUnrealBuildTool|Win32
		{A86744C8-E534-4461-BB63-9905878D3330}.DebugGame|HTML5.ActiveCfg = BuiltWithUnrealBuildTool|Win32
		{A86744C8-E534-4461-BB63-9905878D3330}.DebugGame|HTML5.Build.0 = BuiltWithUnrealBuildTool|Win32
		{A86744C8-E534-4461-BB63-9905878D3330}.DebugGame|Win32.ActiveCfg = BuiltWithUnrealBuildTool|Win32
		{A86744C8-E534-4461-BB63-9905878D3330}.DebugGame|Win32.Build.0 = BuiltWithUnrealBuildTool|Win32
		{A86744C8-E534-4461-BB63-9905878D3330}.DebugGame|Win64.ActiveCfg = BuiltWithUnrealBuildTool|Win32
		{A86744C8-E534-4461-BB63-9905878D3330}.DebugGame|Win64.Build.0 = BuiltWithUnrealBuildTool|Win32
		{A86744C8-E534-4461-BB63-9905878D3330}.Development Editor|HTML5.ActiveCfg = BuiltWithUnrealBuildTool|Win32
		{A86744C8-E534-4461-BB63-9905878D3330}.Development Editor|HTML5.Build.0 = BuiltWithUnrealBuildTool|Win32
		{A86744C8-E534-4461-BB63-9905878D3330}.Development Editor|Win32.ActiveCfg = BuiltWithUnrealBuildTool|Win32
		{A86744C8-E534-4461-BB63-9905878D3330}.Development Editor|Win32.Build.0 = BuiltWithUnrealBuildTool|Win32
		{A86744C8-E534-4461-BB63-9905878D3330}.Development Editor|Win64.ActiveCfg = BuiltWithUnrealBuildTool|Win32
		{A86744C8-E534-4461-BB63-9905878D3330}.Development Editor|Win64.Build.0 = BuiltWithUnrealBuildTool|Win32
		{A86744C8-E534-4461-BB63-9905878D3330}.Development|HTML5.ActiveCfg = BuiltWithUnrealBuildTool|Win32
		{A86744C8-E534-4461-BB63-9905878D3330}.Development|HTML5.Build.0 = BuiltWithUnrealBuildTool|Win32
		{A86744C8-E534-4461-BB63-9905878D3330}.Development|Win32.ActiveCfg = BuiltWithUnrealBuildTool|Win32
		{A86744C8-E534-4461-BB63-9905878D3330}.Development|Win32.Build.0 = BuiltWithUnrealBuildTool|Win32
		{A86744C8-E534-4461-BB63-9905878D3330}.Development|Win64.ActiveCfg = BuiltWithUnrealBuildTool|Win32
		{A86744C8-E534-4461-BB63-9905878D3330}.Development|Win64.Build.0 = BuiltWithUnrealBuildTool|Win32
		{A86744C8-E534-4461-BB63-9905878D3330}.Shipping|HTML5.ActiveCfg = BuiltWithUnrealBuildTool|Win32
		{A86744C8-E534-4461-BB63-9905878D3330}.Shipping|HTML5.Build.0 = BuiltWithUnrealBuildTool|Win32
		{A86744C8-E534-4461-BB63-9905878D3330}.Shipping|Win32.ActiveCfg = BuiltWithUnrealBuildTool|Win32
		{A86744C8-E534-4461-BB63-9905878D3330}.Shipping|Win32.Build.0 = BuiltWithUnrealBuildTool|Win32
		{A86744C8-E534-4461-BB63-9905878D3330}.Shipping|Win64.ActiveCfg = BuiltWithUnrealBuildTool|Win32
		{A86744C8-E534-4461-BB63-9905878D3330}.Shipping|Win64.Build.0 = BuiltWithUnrealBuildTool|Win32
		{7E276783-EC1A-4F5E-824E-67671070082F}.DebugGame Editor|HTML5.ActiveCfg = HTML5_DebugGame_Editor|Win32
		{7E276783-EC1A-4F5E-824E-67671070082F}.DebugGame Editor|Win32.ActiveCfg = DebugGame_Editor|Win32
		{7E276783-EC1A-4F5E-824E-67671070082F}.DebugGame Editor|Win64.ActiveCfg = DebugGame_Editor|x64
		{7E276783-EC1A-4F5E-824E-67671070082F}.DebugGame Editor|Win64.Build.0 = DebugGame_Editor|x64
		{7E276783-EC1A-4F5E-824E-67671070082F}.DebugGame|HTML5.ActiveCfg = HTML5_DebugGame_Game|Win32
		{7E276783-EC1A-4F5E-824E-67671070082F}.DebugGame|HTML5.Build.0 = HTML5_DebugGame_Game|Win32
		{7E276783-EC1A-4F5E-824E-67671070082F}.DebugGame|Win32.ActiveCfg = DebugGame_Game|Win32
		{7E276783-EC1A-4F5E-824E-67671070082F}.DebugGame|Win32.Build.0 = DebugGame_Game|Win32
		{7E276783-EC1A-4F5E-824E-67671070082F}.DebugGame|Win64.ActiveCfg = DebugGame_Game|x64
		{7E276783-EC1A-4F5E-824E-67671070082F}.DebugGame|Win64.Build.0 = DebugGame_Game|x64
		{7E276783-EC1A-4F5E-824E-67671070082F}.Development Editor|HTML5.ActiveCfg = HTML5_Development_Editor|Win32
		{7E276783-EC1A-4F5E-824E-67671070082F}.Development Editor|Win32.ActiveCfg = Development_Editor|Win32
		{7E276783-EC1A-4F5E-824E-67671070082F}.Development Editor|Win64.ActiveCfg = Development_Editor|x64
		{7E276783-EC1A-4F5E-824E-67671070082F}.Development Editor|Win64.Build.0 = Development_Editor|x64
		{7E276783-EC1A-4F5E-824E-67671070082F}.Development|HTML5.ActiveCfg = HTML5_Development_Game|Win32
		{7E276783-EC1A-4F5E-824E-67671070082F}.Development|HTML5.Build.0 = HTML5_Development_Game|Win32
		{7E276783-EC1A-4F5E-824E-67671070082F}.Development|Win32.ActiveCfg = Development_Game|Win32
		{7E276783-EC1A-4F5E-824E-67671070082F}.Development|Win32.Build.0 = Development_Game|Win32
		{7E276783-EC1A-4F5E-824E-67671070082F}.Development|Win64.ActiveCfg = Development_Game|x64
		{7E276783-EC1A-4F5E-824E-67671070082F}.Development|Win64.Build.0 = Development_Game|x64
		{7E276783-EC1A-4F5E-824E-67671070082F}.Shipping|HTML5.ActiveCfg = HTML5_Shipping_Game|Win32
		{7E276783-EC1A-4F5E-824E-67671070082F}.Shipping|HTML5.Build.0 = HTML5_Shipping_Game|Win32
		{7E276783-EC1A-4F5E-824E-67671070082F}.Shipping|Win32.ActiveCfg = Shipping_Game|Win32
		{7E276783-EC1A-4F5E-824E-67671070082F}.Shipping|Win32.Build.0 = Shipping_Game|Win32
		{7E276783-EC1A-4F5E-824E-67671070082F}.Shipping|Win64.ActiveCfg = Shipping_Game|x64
		{7E276783-EC1A-4F5E-824E-67671070082F}.Shipping|Win64.Build.0 = Shipping_Game|x64
	EndGlobalSection
	GlobalSection(SolutionProperties) = preSolution
		HideSolutionNode = FALSE
	EndGlobalSection
	GlobalSection(NestedProjects) = preSolution
		{A86744C8-E534-4461-BB63-9905878D3330} = {8B8F2485-C6FE-4F45-ACA0-D36DBFC0D9DB}
		{7E276783-EC1A-4F5E-824E-67671070082F} = {434378C7-9227-4029-BF21-06420B79F305}
	EndGlobalSection
EndGlobal
