
Microsoft Visual Studio Solution File, Format Version 12.00
# Visual Studio 14
VisualStudioVersion = 14.0.25420.1
MinimumVisualStudioVersion = 10.0.40219.1
Project("{2150E333-8FDC-42A3-9474-1A3956D46DE8}") = "Engine", "Engine", "{76E48944-A4A8-4161-9DA0-7BD6C311715E}"
EndProject
Project("{2150E333-8FDC-42A3-9474-1A3956D46DE8}") = "Games", "Games", "{53FFC6BE-5D62-47BF-B902-7D9C352A8547}"
EndProject
Project("{8BC9CEB8-8B4A-11D0-8D11-00A0C91BC942}") = "UE4", "Intermediate\ProjectFiles\UE4.vcxproj", "{8FA69FE8-DD14-4719-AEAE-32B9DDD6AA2D}"
EndProject
Project("{8BC9CEB8-8B4A-11D0-8D11-00A0C91BC942}") = "BuildingEscape", "Intermediate\ProjectFiles\BuildingEscape.vcxproj", "{807C6C10-2EC6-4F1E-A4B8-D85CEE19703F}"
EndProject
Global
	GlobalSection(SolutionConfigurationPlatforms) = preSolution
		DebugGame Editor|HTML5 = DebugGame Editor|HTML5
		DebugGame Editor|Win32 = DebugGame Editor|Win32
		DebugGame Editor|Win64 = DebugGame Editor|Win64
		DebugGame|HTML5 = DebugGame|HTML5
		DebugGame|Win32 = DebugGame|Win32
		DebugGame|Win64 = DebugGame|Win64
		Development Editor|HTML5 = Development Editor|HTML5
		Development Editor|Win32 = Development Editor|Win32
		Development Editor|Win64 = Development Editor|Win64
		Development|HTML5 = Development|HTML5
		Development|Win32 = Development|Win32
		Development|Win64 = Development|Win64
		Shipping|HTML5 = Shipping|HTML5
		Shipping|Win32 = Shipping|Win32
		Shipping|Win64 = Shipping|Win64
	EndGlobalSection
	GlobalSection(ProjectConfigurationPlatforms) = postSolution
		{8FA69FE8-DD14-4719-AEAE-32B9DDD6AA2D}.DebugGame Editor|HTML5.ActiveCfg = BuiltWithUnrealBuildTool|Win32
		{8FA69FE8-DD14-4719-AEAE-32B9DDD6AA2D}.DebugGame Editor|HTML5.Build.0 = BuiltWithUnrealBuildTool|Win32
		{8FA69FE8-DD14-4719-AEAE-32B9DDD6AA2D}.DebugGame Editor|Win32.ActiveCfg = BuiltWithUnrealBuildTool|Win32
		{8FA69FE8-DD14-4719-AEAE-32B9DDD6AA2D}.DebugGame Editor|Win32.Build.0 = BuiltWithUnrealBuildTool|Win32
		{8FA69FE8-DD14-4719-AEAE-32B9DDD6AA2D}.DebugGame Editor|Win64.ActiveCfg = BuiltWithUnrealBuildTool|Win32
		{8FA69FE8-DD14-4719-AEAE-32B9DDD6AA2D}.DebugGame Editor|Win64.Build.0 = BuiltWithUnrealBuildTool|Win32
		{8FA69FE8-DD14-4719-AEAE-32B9DDD6AA2D}.DebugGame|HTML5.ActiveCfg = BuiltWithUnrealBuildTool|Win32
		{8FA69FE8-DD14-4719-AEAE-32B9DDD6AA2D}.DebugGame|HTML5.Build.0 = BuiltWithUnrealBuildTool|Win32
		{8FA69FE8-DD14-4719-AEAE-32B9DDD6AA2D}.DebugGame|Win32.ActiveCfg = BuiltWithUnrealBuildTool|Win32
		{8FA69FE8-DD14-4719-AEAE-32B9DDD6AA2D}.DebugGame|Win32.Build.0 = BuiltWithUnrealBuildTool|Win32
		{8FA69FE8-DD14-4719-AEAE-32B9DDD6AA2D}.DebugGame|Win64.ActiveCfg = BuiltWithUnrealBuildTool|Win32
		{8FA69FE8-DD14-4719-AEAE-32B9DDD6AA2D}.DebugGame|Win64.Build.0 = BuiltWithUnrealBuildTool|Win32
		{8FA69FE8-DD14-4719-AEAE-32B9DDD6AA2D}.Development Editor|HTML5.ActiveCfg = BuiltWithUnrealBuildTool|Win32
		{8FA69FE8-DD14-4719-AEAE-32B9DDD6AA2D}.Development Editor|HTML5.Build.0 = BuiltWithUnrealBuildTool|Win32
		{8FA69FE8-DD14-4719-AEAE-32B9DDD6AA2D}.Development Editor|Win32.ActiveCfg = BuiltWithUnrealBuildTool|Win32
		{8FA69FE8-DD14-4719-AEAE-32B9DDD6AA2D}.Development Editor|Win32.Build.0 = BuiltWithUnrealBuildTool|Win32
		{8FA69FE8-DD14-4719-AEAE-32B9DDD6AA2D}.Development Editor|Win64.ActiveCfg = BuiltWithUnrealBuildTool|Win32
		{8FA69FE8-DD14-4719-AEAE-32B9DDD6AA2D}.Development Editor|Win64.Build.0 = BuiltWithUnrealBuildTool|Win32
		{8FA69FE8-DD14-4719-AEAE-32B9DDD6AA2D}.Development|HTML5.ActiveCfg = BuiltWithUnrealBuildTool|Win32
		{8FA69FE8-DD14-4719-AEAE-32B9DDD6AA2D}.Development|HTML5.Build.0 = BuiltWithUnrealBuildTool|Win32
		{8FA69FE8-DD14-4719-AEAE-32B9DDD6AA2D}.Development|Win32.ActiveCfg = BuiltWithUnrealBuildTool|Win32
		{8FA69FE8-DD14-4719-AEAE-32B9DDD6AA2D}.Development|Win32.Build.0 = BuiltWithUnrealBuildTool|Win32
		{8FA69FE8-DD14-4719-AEAE-32B9DDD6AA2D}.Development|Win64.ActiveCfg = BuiltWithUnrealBuildTool|Win32
		{8FA69FE8-DD14-4719-AEAE-32B9DDD6AA2D}.Development|Win64.Build.0 = BuiltWithUnrealBuildTool|Win32
		{8FA69FE8-DD14-4719-AEAE-32B9DDD6AA2D}.Shipping|HTML5.ActiveCfg = BuiltWithUnrealBuildTool|Win32
		{8FA69FE8-DD14-4719-AEAE-32B9DDD6AA2D}.Shipping|HTML5.Build.0 = BuiltWithUnrealBuildTool|Win32
		{8FA69FE8-DD14-4719-AEAE-32B9DDD6AA2D}.Shipping|Win32.ActiveCfg = BuiltWithUnrealBuildTool|Win32
		{8FA69FE8-DD14-4719-AEAE-32B9DDD6AA2D}.Shipping|Win32.Build.0 = BuiltWithUnrealBuildTool|Win32
		{8FA69FE8-DD14-4719-AEAE-32B9DDD6AA2D}.Shipping|Win64.ActiveCfg = BuiltWithUnrealBuildTool|Win32
		{8FA69FE8-DD14-4719-AEAE-32B9DDD6AA2D}.Shipping|Win64.Build.0 = BuiltWithUnrealBuildTool|Win32
		{807C6C10-2EC6-4F1E-A4B8-D85CEE19703F}.DebugGame Editor|HTML5.ActiveCfg = HTML5_DebugGame_Editor|Win32
		{807C6C10-2EC6-4F1E-A4B8-D85CEE19703F}.DebugGame Editor|Win32.ActiveCfg = DebugGame_Editor|Win32
		{807C6C10-2EC6-4F1E-A4B8-D85CEE19703F}.DebugGame Editor|Win64.ActiveCfg = DebugGame_Editor|x64
		{807C6C10-2EC6-4F1E-A4B8-D85CEE19703F}.DebugGame Editor|Win64.Build.0 = DebugGame_Editor|x64
		{807C6C10-2EC6-4F1E-A4B8-D85CEE19703F}.DebugGame|HTML5.ActiveCfg = HTML5_DebugGame_Game|Win32
		{807C6C10-2EC6-4F1E-A4B8-D85CEE19703F}.DebugGame|HTML5.Build.0 = HTML5_DebugGame_Game|Win32
		{807C6C10-2EC6-4F1E-A4B8-D85CEE19703F}.DebugGame|Win32.ActiveCfg = DebugGame_Game|Win32
		{807C6C10-2EC6-4F1E-A4B8-D85CEE19703F}.DebugGame|Win32.Build.0 = DebugGame_Game|Win32
		{807C6C10-2EC6-4F1E-A4B8-D85CEE19703F}.DebugGame|Win64.ActiveCfg = DebugGame_Game|x64
		{807C6C10-2EC6-4F1E-A4B8-D85CEE19703F}.DebugGame|Win64.Build.0 = DebugGame_Game|x64
		{807C6C10-2EC6-4F1E-A4B8-D85CEE19703F}.Development Editor|HTML5.ActiveCfg = HTML5_Development_Editor|Win32
		{807C6C10-2EC6-4F1E-A4B8-D85CEE19703F}.Development Editor|Win32.ActiveCfg = Development_Editor|Win32
		{807C6C10-2EC6-4F1E-A4B8-D85CEE19703F}.Development Editor|Win64.ActiveCfg = Development_Editor|x64
		{807C6C10-2EC6-4F1E-A4B8-D85CEE19703F}.Development Editor|Win64.Build.0 = Development_Editor|x64
		{807C6C10-2EC6-4F1E-A4B8-D85CEE19703F}.Development|HTML5.ActiveCfg = HTML5_Development_Game|Win32
		{807C6C10-2EC6-4F1E-A4B8-D85CEE19703F}.Development|HTML5.Build.0 = HTML5_Development_Game|Win32
		{807C6C10-2EC6-4F1E-A4B8-D85CEE19703F}.Development|Win32.ActiveCfg = Development_Game|Win32
		{807C6C10-2EC6-4F1E-A4B8-D85CEE19703F}.Development|Win32.Build.0 = Development_Game|Win32
		{807C6C10-2EC6-4F1E-A4B8-D85CEE19703F}.Development|Win64.ActiveCfg = Development_Game|x64
		{807C6C10-2EC6-4F1E-A4B8-D85CEE19703F}.Development|Win64.Build.0 = Development_Game|x64
		{807C6C10-2EC6-4F1E-A4B8-D85CEE19703F}.Shipping|HTML5.ActiveCfg = HTML5_Shipping_Game|Win32
		{807C6C10-2EC6-4F1E-A4B8-D85CEE19703F}.Shipping|HTML5.Build.0 = HTML5_Shipping_Game|Win32
		{807C6C10-2EC6-4F1E-A4B8-D85CEE19703F}.Shipping|Win32.ActiveCfg = Shipping_Game|Win32
		{807C6C10-2EC6-4F1E-A4B8-D85CEE19703F}.Shipping|Win32.Build.0 = Shipping_Game|Win32
		{807C6C10-2EC6-4F1E-A4B8-D85CEE19703F}.Shipping|Win64.ActiveCfg = Shipping_Game|x64
		{807C6C10-2EC6-4F1E-A4B8-D85CEE19703F}.Shipping|Win64.Build.0 = Shipping_Game|x64
	EndGlobalSection
	GlobalSection(SolutionProperties) = preSolution
		HideSolutionNode = FALSE
	EndGlobalSection
	GlobalSection(NestedProjects) = preSolution
		{8FA69FE8-DD14-4719-AEAE-32B9DDD6AA2D} = {76E48944-A4A8-4161-9DA0-7BD6C311715E}
		{807C6C10-2EC6-4F1E-A4B8-D85CEE19703F} = {53FFC6BE-5D62-47BF-B902-7D9C352A8547}
	EndGlobalSection
EndGlobal
